
Microsoft Visual Studio Solution File, Format Version 12.00
# Visual Studio Version 17
VisualStudioVersion = 17.4.33213.308
MinimumVisualStudioVersion = 10.0.40219.1
Project("{FAE04EC0-301F-11D3-BF4B-00C04F79EFBC}") = "AdvantShop.Blazor", "AdvantShop.Blazor\AdvantShop.Blazor.csproj", "{5392D2BF-1417-4C39-B15F-5014FDAFD27E}"
EndProject
Global
	GlobalSection(SolutionConfigurationPlatforms) = preSolution
		Debug|Any CPU = Debug|Any CPU
		Release|Any CPU = Release|Any CPU
	EndGlobalSection
	GlobalSection(ProjectConfigurationPlatforms) = postSolution
		{5392D2BF-1417-4C39-B15F-5014FDAFD27E}.Debug|Any CPU.ActiveCfg = Debug|Any CPU
		{5392D2BF-1417-4C39-B15F-5014FDAFD27E}.Debug|Any CPU.Build.0 = Debug|Any CPU
		{5392D2BF-1417-4C39-B15F-5014FDAFD27E}.Release|Any CPU.ActiveCfg = Release|Any CPU
		{5392D2BF-1417-4C39-B15F-5014FDAFD27E}.Release|Any CPU.Build.0 = Release|Any CPU
	EndGlobalSection
	GlobalSection(SolutionProperties) = preSolution
		HideSolutionNode = FALSE
	EndGlobalSection
	GlobalSection(ExtensibilityGlobals) = postSolution
		SolutionGuid = {1807B808-6BA5-4E38-B25E-855D7A838A73}
	EndGlobalSection
EndGlobal
